lockfileVersion: '9.0'

settings:
  autoInstallPeers: true
  excludeLinksFromLockfile: false

importers:

  .:
    devDependencies:
      baseline-browser-mapping:
        specifier: ^2.10.9
        version: 2.10.9

packages:

  baseline-browser-mapping@2.10.9:
    resolution: {integrity: sha512-OZd0e2mU11ClX8+IdXe3r0dbqMEznRiT4TfbhYIbcRPZkqJ7Qwer8ij3GZAmLsRKa+II9V1v5czCkvmHH3XZBg==}
    engines: {node: '>=6.0.0'}
    hasBin: true

snapshots:

  baseline-browser-mapping@2.10.9: {}
