lockfileVersion: '9.0'

settings:
  autoInstallPeers: true
  excludeLinksFromLockfile: false

importers:

  .:
    dependencies:
      '@web-speed-hackathon-2026/server':
        specifier: workspace:*
        version: 'link:'
      audio-decode:
        specifier: ^3.3.0
        version: 3.3.0

packages:

  '@audio/aac-decode@1.0.2':
    resolution: {integrity: sha512-uRt4BFvAv9KFKfR8HkBWOfw54CFGRJH8GCTCsYXRwG2WpELjyfovYdKuhTxCe7qxu4ideb8vOYTZgfn/mZm/4A==}
    engines: {node: '>=16'}

  '@audio/aiff-decode@1.0.0':
    resolution: {integrity: sha512-p3lkQIJ0qpGXpK/q7l+h6eK8zQZ5ohk4UO52w4tHGSxljXui7OEIqtmYNqDzXUVtkuDuW2yBC8zkomv8kt1IJQ==}
    engines: {node: '>=16'}

  '@audio/amr-decode@1.0.0':
    resolution: {integrity: sha512-B9T57nXhQgi7B5aVSET1Te4j9eNZVrMSL8azurD0c/FGyJwp5saLCzuC9EV3J1s/F7z5676xA7r6nsNCwAhyCQ==}
    engines: {node: '>=16'}

  '@audio/caf-decode@1.0.0':
    resolution: {integrity: sha512-CwvgCA+rm3rI5e811R5cBjl1DYB4+6BiNNUucwWrU2XSX3eiP+H2Tfn5CsBc/IE8+OXzbzkV8YoDuyX9+3UDyQ==}
    engines: {node: '>=16'}

  '@audio/webm-decode@1.0.0':
    resolution: {integrity: sha512-gie0sXNwbi7H5zVfdeKmAsARIqesXC9iVuPY77tkHA+iemOEbs+Q+pnYK/38YaDPNhByPdP47Ao90FHLlMJ6xg==}
    engines: {node: '>=16'}

  '@audio/wma-decode@1.0.0':
    resolution: {integrity: sha512-zfJ86djM8QD2wK3coNgiS9cknPCk83E77cS1iNizYx04hsBGSmQ6WMRi3kTIqC04y2ggXlfCzW4CLw1whOEZKg==}
    engines: {node: '>=16'}

  '@eshaz/web-worker@1.2.2':
    resolution: {integrity: sha512-WxXiHFmD9u/owrzempiDlBB1ZYqiLnm9s6aPc8AlFQalq2tKmqdmMr9GXOupDgzXtqnBipj8Un0gkIm7Sjf8mw==}

  '@thi.ng/bitstream@2.4.44':
    resolution: {integrity: sha512-SN5GtdycUC8J9kRn4+GAcAJ93F9vKtaiI/SjpOyLl911bWNlF8gANFFCdgBkzbF2DHcpKflHxrVVfrYB6aCdsw==}
    engines: {node: '>=18'}

  '@thi.ng/errors@2.6.6':
    resolution: {integrity: sha512-da0slIGmueCf4T0b+xT4TMVUQjHGFTJpul5TAVvPUl7Xn5Noe13Uq6Ag4D5ZCcDwwe2iJ8iHaTuYSJaFZ9f8Mg==}
    engines: {node: '>=18'}

  '@wasm-audio-decoders/common@9.0.7':
    resolution: {integrity: sha512-WRaUuWSKV7pkttBygml/a6dIEpatq2nnZGFIoPTc5yPLkxL6Wk4YaslPM98OPQvWacvNZ+Py9xROGDtrFBDzag==}

  '@wasm-audio-decoders/flac@0.2.10':
    resolution: {integrity: sha512-YfcyoD2rYRBa6ffawZKNi5qvV5HArJmNmuMVUPoutuZ2hhGi6WNSWIzgvbROGmPbFivLL764Am7xxJENWJDhjw==}

  '@wasm-audio-decoders/ogg-vorbis@0.1.20':
    resolution: {integrity: sha512-zaQPasU5usRjUDXtXOHYED5tfkR4QMXd+EH3Nrz1+4+M5pCsdD+s9YxJqb0oqnTyRu/KUujOmu5Z/m/NT47vwg==}

  '@wasm-audio-decoders/opus-ml@0.0.2':
    resolution: {integrity: sha512-58rWEqDGg+CKCyEeKm2KoxxSwTWtHh/NLTW9ObR4K8CGF6VwuuGudEI1CtniS/oSRmL1nJq/eh8MKARiluw4DQ==}

  audio-decode@3.3.0:
    resolution: {integrity: sha512-03xfByMOjjGeD21fMulUDT4LdDV8MFzGs1PH49eEB6N7nVHpRQToL/5+GhUHQXzanzWQeqwHoFShvhLqf554uQ==}

  audio-type@2.4.0:
    resolution: {integrity: sha512-ugYMgxLpH6gyWUhFWFl2HCJboFL5z/GoqSdonx8ZycfNP8JDHBhRNzYWzrCRa/6htOWfvJAq7qpRloxvx06sRA==}
    engines: {node: '>=14'}

  codec-parser@2.5.0:
    resolution: {integrity: sha512-Ru9t80fV8B0ZiixQl8xhMTLru+dzuis/KQld32/x5T/+3LwZb0/YvQdSKytX9JqCnRdiupvAvyYJINKrXieziQ==}

  mpg123-decoder@1.0.3:
    resolution: {integrity: sha512-+fjxnWigodWJm3+4pndi+KUg9TBojgn31DPk85zEsim7C6s0X5Ztc/hQYdytXkwuGXH+aB0/aEkG40Emukv6oQ==}

  node-wav@0.0.2:
    resolution: {integrity: sha512-M6Rm/bbG6De/gKGxOpeOobx/dnGuP0dz40adqx38boqHhlWssBJZgLCPBNtb9NkrmnKYiV04xELq+R6PFOnoLA==}
    engines: {node: '>=4.4.0'}

  ogg-opus-decoder@1.7.3:
    resolution: {integrity: sha512-w47tiZpkLgdkpa+34VzYD8mHUj8I9kfWVZa82mBbNwDvB1byfLXSSzW/HxA4fI3e9kVlICSpXGFwMLV1LPdjwg==}

  opus-decoder@0.7.11:
    resolution: {integrity: sha512-+e+Jz3vGQLxRTBHs8YJQPRPc1Tr+/aC6coV/DlZylriA29BdHQAYXhvNRKtjftof17OFng0+P4wsFIqQu3a48A==}

  qoa-format@1.0.1:
    resolution: {integrity: sha512-dMB0Z6XQjdpz/Cw4Rf6RiBpQvUSPCfYlQMWvmuWlWkAT7nDQD29cVZ1SwDUB6DYJSitHENwbt90lqfI+7bvMcw==}

  simple-yenc@1.0.4:
    resolution: {integrity: sha512-5gvxpSd79e9a3V4QDYUqnqxeD4HGlhCakVpb6gMnDD7lexJggSBJRBO5h52y/iJrdXRilX9UCuDaIJhSWm5OWw==}

snapshots:

  '@audio/aac-decode@1.0.2': {}

  '@audio/aiff-decode@1.0.0': {}

  '@audio/amr-decode@1.0.0': {}

  '@audio/caf-decode@1.0.0': {}

  '@audio/webm-decode@1.0.0':
    dependencies:
      '@wasm-audio-decoders/ogg-vorbis': 0.1.20
      opus-decoder: 0.7.11

  '@audio/wma-decode@1.0.0': {}

  '@eshaz/web-worker@1.2.2': {}

  '@thi.ng/bitstream@2.4.44':
    dependencies:
      '@thi.ng/errors': 2.6.6

  '@thi.ng/errors@2.6.6': {}

  '@wasm-audio-decoders/common@9.0.7':
    dependencies:
      '@eshaz/web-worker': 1.2.2
      simple-yenc: 1.0.4

  '@wasm-audio-decoders/flac@0.2.10':
    dependencies:
      '@wasm-audio-decoders/common': 9.0.7
      codec-parser: 2.5.0

  '@wasm-audio-decoders/ogg-vorbis@0.1.20':
    dependencies:
      '@wasm-audio-decoders/common': 9.0.7
      codec-parser: 2.5.0

  '@wasm-audio-decoders/opus-ml@0.0.2':
    dependencies:
      '@wasm-audio-decoders/common': 9.0.7

  audio-decode@3.3.0:
    dependencies:
      '@audio/aac-decode': 1.0.2
      '@audio/aiff-decode': 1.0.0
      '@audio/amr-decode': 1.0.0
      '@audio/caf-decode': 1.0.0
      '@audio/webm-decode': 1.0.0
      '@audio/wma-decode': 1.0.0
      '@wasm-audio-decoders/flac': 0.2.10
      '@wasm-audio-decoders/ogg-vorbis': 0.1.20
      audio-type: 2.4.0
      mpg123-decoder: 1.0.3
      node-wav: 0.0.2
      ogg-opus-decoder: 1.7.3
      qoa-format: 1.0.1

  audio-type@2.4.0: {}

  codec-parser@2.5.0: {}

  mpg123-decoder@1.0.3:
    dependencies:
      '@wasm-audio-decoders/common': 9.0.7

  node-wav@0.0.2: {}

  ogg-opus-decoder@1.7.3:
    dependencies:
      '@wasm-audio-decoders/common': 9.0.7
      '@wasm-audio-decoders/opus-ml': 0.0.2
      codec-parser: 2.5.0
      opus-decoder: 0.7.11

  opus-decoder@0.7.11:
    dependencies:
      '@wasm-audio-decoders/common': 9.0.7

  qoa-format@1.0.1:
    dependencies:
      '@thi.ng/bitstream': 2.4.44

  simple-yenc@1.0.4: {}
